<?xml version="1.0" encoding="utf-8"?>
<Project ToolsVersion="4.0" xmlns="http://schemas.microsoft.com/developer/msbuild/2003">
  <ItemGroup>
    <Filter Include="Source Files">
      <UniqueIdentifier>{4FC737F1-C7A5-4376-A066-2A32D752A2FF}</UniqueIdentifier>
      <Extensions>cpp;c;cc;cxx;c++;cppm;ixx;def;odl;idl;hpj;bat;asm;asmx</Extensions>
    </Filter>
    <Filter Include="Resource Files">
      <UniqueIdentifier>{67DA6AB6-F800-4c08-8B7A-83BB121AAD01}</UniqueIdentifier>
      <Extensions>rc;ico;cur;bmp;dlg;rc2;rct;bin;rgs;gif;jpg;jpeg;jpe;resx;tiff;tif;png;wav;mfcribbon-ms</Extensions>
    </Filter>
    <Filter Include="Source Files\Component">
      <UniqueIdentifier>{08eafe01-f6dd-4058-af84-b0f188c6e135}</UniqueIdentifier>
    </Filter>
    <Filter Include="Source Files\Component\Cam">
      <UniqueIdentifier>{816851b0-1638-49fb-8cd2-4116156d4bcc}</UniqueIdentifier>
    </Filter>
    <Filter Include="Source Files\Component\Light">
      <UniqueIdentifier>{279bc0a5-0b85-4b57-8090-5472aeb35e24}</UniqueIdentifier>
    </Filter>
    <Filter Include="Source Files\Component\Matrix">
      <UniqueIdentifier>{7e0aea1f-aff3-45fc-87ba-baed781b128e}</UniqueIdentifier>
    </Filter>
    <Filter Include="Source Files\Core">
      <UniqueIdentifier>{25e91440-6c9c-4a12-9bed-f2576bcb57b5}</UniqueIdentifier>
    </Filter>
    <Filter Include="Source Files\External">
      <UniqueIdentifier>{cdf604de-cbc5-48bb-8aa9-c8a28a76dc50}</UniqueIdentifier>
    </Filter>
    <Filter Include="Source Files\External\ImGui">
      <UniqueIdentifier>{dd9e50f8-5e8d-4b9f-a7d0-55606c0817fd}</UniqueIdentifier>
    </Filter>
    <Filter Include="Source Files\Editor">
      <UniqueIdentifier>{c50e53aa-8775-4636-88c1-6f05cef501e5}</UniqueIdentifier>
    </Filter>
    <Filter Include="Source Files\Component\Model">
      <UniqueIdentifier>{222aaf94-8b2d-43bb-ad61-84fcbce5c2ba}</UniqueIdentifier>
    </Filter>
    <Filter Include="Source Files\Component\Shader">
      <UniqueIdentifier>{2d442b5b-70af-46a7-b107-10fc48c466e9}</UniqueIdentifier>
    </Filter>
    <Filter Include="Source Files\Core\System">
      <UniqueIdentifier>{b623afb2-fd52-43ea-9add-075fc6681d37}</UniqueIdentifier>
    </Filter>
    <Filter Include="Source Files\Scene">
      <UniqueIdentifier>{a0f5b359-ca6b-4306-af83-6944b1545b81}</UniqueIdentifier>
    </Filter>
    <Filter Include="Source Files\Component\Terrain">
      <UniqueIdentifier>{eb33cdb5-b4bd-425b-9231-39adf741ecc1}</UniqueIdentifier>
    </Filter>
  </ItemGroup>
  <ItemGroup>
    <ClCompile Include="Renderer.cpp">
      <Filter>Source Files</Filter>
    </ClCompile>
    <ClCompile Include="D3D11.cpp">
      <Filter>Source Files</Filter>
    </ClCompile>
    <ClCompile Include="..\ImGui\imgui_widgets.cpp">
      <Filter>Source Files\External\ImGui</Filter>
    </ClCompile>
    <ClCompile Include="..\ImGui\imgui.cpp">
      <Filter>Source Files\External\ImGui</Filter>
    </ClCompile>
    <ClCompile Include="..\ImGui\imgui_demo.cpp">
      <Filter>Source Files\External\ImGui</Filter>
    </ClCompile>
    <ClCompile Include="..\ImGui\imgui_draw.cpp">
      <Filter>Source Files\External\ImGui</Filter>
    </ClCompile>
    <ClCompile Include="..\ImGui\imgui_impl_dx11.cpp">
      <Filter>Source Files\External\ImGui</Filter>
    </ClCompile>
    <ClCompile Include="..\ImGui\imgui_impl_win32.cpp">
      <Filter>Source Files\External\ImGui</Filter>
    </ClCompile>
    <ClCompile Include="..\ImGui\imgui_tables.cpp">
      <Filter>Source Files\External\ImGui</Filter>
    </ClCompile>
    <ClCompile Include="Import.cpp">
      <Filter>Source Files\Editor</Filter>
    </ClCompile>
    <ClCompile Include="Camera.cpp">
      <Filter>Source Files\Component\Cam</Filter>
    </ClCompile>
    <ClCompile Include="Light.cpp">
      <Filter>Source Files\Component\Light</Filter>
    </ClCompile>
    <ClCompile Include="MatrixBuffer.cpp">
      <Filter>Source Files\Component\Matrix</Filter>
    </ClCompile>
    <ClCompile Include="WinMain.cpp">
      <Filter>Source Files\Core</Filter>
    </ClCompile>
    <ClCompile Include="Model.cpp">
      <Filter>Source Files\Component\Model</Filter>
    </ClCompile>
    <ClCompile Include="Shader.cpp">
      <Filter>Source Files\Component\Shader</Filter>
    </ClCompile>
    <ClCompile Include="Engine.cpp">
      <Filter>Source Files\Core</Filter>
    </ClCompile>
    <ClCompile Include="ImGuiManager.cpp">
      <Filter>Source Files\Core</Filter>
    </ClCompile>
    <ClCompile Include="Timer.cpp">
      <Filter>Source Files\Core\System</Filter>
    </ClCompile>
    <ClCompile Include="ContentBrowser.cpp">
      <Filter>Source Files\Editor</Filter>
    </ClCompile>
    <ClCompile Include="Editor.cpp">
      <Filter>Source Files\Editor</Filter>
    </ClCompile>
    <ClCompile Include="FPS.cpp">
      <Filter>Source Files\Editor</Filter>
    </ClCompile>
    <ClCompile Include="Viewport.cpp">
      <Filter>Source Files\Editor</Filter>
    </ClCompile>
    <ClCompile Include="Scene.cpp">
      <Filter>Source Files\Scene</Filter>
    </ClCompile>
    <ClCompile Include="Entity.cpp">
      <Filter>Source Files\Scene</Filter>
    </ClCompile>
    <ClCompile Include="Settings.cpp">
      <Filter>Source Files\Editor</Filter>
    </ClCompile>
    <ClCompile Include="Frustum.cpp">
      <Filter>Source Files\Component\Cam</Filter>
    </ClCompile>
    <ClCompile Include="Terrain.cpp">
      <Filter>Source Files\Component\Terrain</Filter>
    </ClCompile>
    <ClCompile Include="ShadowMap.cpp">
      <Filter>Source Files\Component\Light</Filter>
    </ClCompile>
    <ClCompile Include="ModelGroup.cpp">
      <Filter>Source Files\Component\Model</Filter>
    </ClCompile>
    <ClCompile Include="DirectionalLight.cpp">
      <Filter>Source Files\Component\Light</Filter>
    </ClCompile>
    <ClCompile Include="PointLight.cpp">
      <Filter>Source Files\Component\Light</Filter>
    </ClCompile>
    <ClCompile Include="SpotLight.cpp">
      <Filter>Source Files\Component\Light</Filter>
    </ClCompile>
    <ClCompile Include="LightBuffer.cpp">
      <Filter>Source Files\Component\Light</Filter>
    </ClCompile>
  </ItemGroup>
  <ItemGroup>
    <ClInclude Include="..\ImGui\imstb_rectpack.h">
      <Filter>Source Files\External\ImGui</Filter>
    </ClInclude>
    <ClInclude Include="..\ImGui\imstb_textedit.h">
      <Filter>Source Files\External\ImGui</Filter>
    </ClInclude>
    <ClInclude Include="..\ImGui\imstb_truetype.h">
      <Filter>Source Files\External\ImGui</Filter>
    </ClInclude>
    <ClInclude Include="..\ImGui\imconfig.h">
      <Filter>Source Files\External\ImGui</Filter>
    </ClInclude>
    <ClInclude Include="..\ImGui\imgui.h">
      <Filter>Source Files\External\ImGui</Filter>
    </ClInclude>
    <ClInclude Include="..\ImGui\imgui_impl_dx11.h">
      <Filter>Source Files\External\ImGui</Filter>
    </ClInclude>
    <ClInclude Include="..\ImGui\imgui_impl_win32.h">
      <Filter>Source Files\External\ImGui</Filter>
    </ClInclude>
    <ClInclude Include="..\ImGui\imgui_internal.h">
      <Filter>Source Files\External\ImGui</Filter>
    </ClInclude>
    <ClInclude Include="Import.h">
      <Filter>Source Files\Editor</Filter>
    </ClInclude>
    <ClInclude Include="D3D11.h">
      <Filter>Source Files</Filter>
    </ClInclude>
    <ClInclude Include="Renderer.h">
      <Filter>Source Files</Filter>
    </ClInclude>
    <ClInclude Include="resource.h">
      <Filter>Source Files</Filter>
    </ClInclude>
    <ClInclude Include="Camera.h">
      <Filter>Source Files\Component\Cam</Filter>
    </ClInclude>
    <ClInclude Include="Light.h">
      <Filter>Source Files\Component\Light</Filter>
    </ClInclude>
    <ClInclude Include="MatrixBuffer.h">
      <Filter>Source Files\Component\Matrix</Filter>
    </ClInclude>
    <ClInclude Include="Model.h">
      <Filter>Source Files\Component\Model</Filter>
    </ClInclude>
    <ClInclude Include="Shader.h">
      <Filter>Source Files\Component\Shader</Filter>
    </ClInclude>
    <ClInclude Include="Engine.h">
      <Filter>Source Files\Core</Filter>
    </ClInclude>
    <ClInclude Include="ImGuiManager.h">
      <Filter>Source Files\Core</Filter>
    </ClInclude>
    <ClInclude Include="Timer.h">
      <Filter>Source Files\Core\System</Filter>
    </ClInclude>
    <ClInclude Include="ContentBrowser.h">
      <Filter>Source Files\Editor</Filter>
    </ClInclude>
    <ClInclude Include="Editor.h">
      <Filter>Source Files\Editor</Filter>
    </ClInclude>
    <ClInclude Include="FPS.h">
      <Filter>Source Files\Editor</Filter>
    </ClInclude>
    <ClInclude Include="Viewport.h">
      <Filter>Source Files\Editor</Filter>
    </ClInclude>
    <ClInclude Include="Scene.h">
      <Filter>Source Files\Scene</Filter>
    </ClInclude>
    <ClInclude Include="Entity.h">
      <Filter>Source Files\Scene</Filter>
    </ClInclude>
    <ClInclude Include="Settings.h">
      <Filter>Source Files\Editor</Filter>
    </ClInclude>
    <ClInclude Include="Frustum.h">
      <Filter>Source Files\Component\Cam</Filter>
    </ClInclude>
    <ClInclude Include="Terrain.h">
      <Filter>Source Files\Component\Terrain</Filter>
    </ClInclude>
    <ClInclude Include="ShadowMap.h">
      <Filter>Source Files\Component\Light</Filter>
    </ClInclude>
    <ClInclude Include="ModelGroup.h">
      <Filter>Source Files\Component\Model</Filter>
    </ClInclude>
    <ClInclude Include="DirectionalLight.h">
      <Filter>Source Files\Component\Light</Filter>
    </ClInclude>
    <ClInclude Include="PointLight.h">
      <Filter>Source Files\Component\Light</Filter>
    </ClInclude>
    <ClInclude Include="SpotLight.h">
      <Filter>Source Files\Component\Light</Filter>
    </ClInclude>
    <ClInclude Include="LightBuffer.h">
      <Filter>Source Files\Component\Light</Filter>
    </ClInclude>
  </ItemGroup>
  <ItemGroup>
    <ResourceCompile Include="DX11.rc">
      <Filter>Resource Files</Filter>
    </ResourceCompile>
  </ItemGroup>
  <ItemGroup>
    <Image Include="Wilson_The_Volleyball.ico">
      <Filter>Resource Files</Filter>
    </Image>
    <Image Include="seafloor.dds">
      <Filter>Resource Files</Filter>
    </Image>
  </ItemGroup>
  <ItemGroup>
    <FxCompile Include="PS.hlsl">
      <Filter>Resource Files</Filter>
    </FxCompile>
    <FxCompile Include="VS.hlsl">
      <Filter>Resource Files</Filter>
    </FxCompile>
    <FxCompile Include="SkyBoxVS.hlsl">
      <Filter>Resource Files</Filter>
    </FxCompile>
    <FxCompile Include="SkyBoxPS.hlsl">
      <Filter>Resource Files</Filter>
    </FxCompile>
    <FxCompile Include="ShadowVS.hlsl">
      <Filter>Resource Files</Filter>
    </FxCompile>
    <FxCompile Include="ShadowPS.hlsl">
      <Filter>Resource Files</Filter>
    </FxCompile>
    <FxCompile Include="OmniDirShadowGS.hlsl">
      <Filter>Resource Files</Filter>
    </FxCompile>
    <FxCompile Include="OmniDirShadowVS.hlsl">
      <Filter>Resource Files</Filter>
    </FxCompile>
    <FxCompile Include="OmniDirShadowPS.hlsl">
      <Filter>Resource Files</Filter>
    </FxCompile>
    <FxCompile Include="TexVS.hlsl">
      <Filter>Resource Files</Filter>
    </FxCompile>
    <FxCompile Include="BlurPS.hlsl">
      <Filter>Resource Files</Filter>
    </FxCompile>
    <FxCompile Include="FinPS.hlsl">
      <Filter>Resource Files</Filter>
    </FxCompile>
    <FxCompile Include="GeometryVS.hlsl">
      <Filter>Resource Files</Filter>
    </FxCompile>
    <FxCompile Include="GeometryPS.hlsl">
      <Filter>Resource Files</Filter>
    </FxCompile>
    <FxCompile Include="DeferredPS.hlsl">
      <Filter>Resource Files</Filter>
    </FxCompile>
    <FxCompile Include="LightCubeVS.hlsl">
      <Filter>Resource Files</Filter>
    </FxCompile>
    <FxCompile Include="LightCubePS.hlsl">
      <Filter>Resource Files</Filter>
    </FxCompile>
    <FxCompile Include="OutlinerPS.hlsl">
      <Filter>Resource Files</Filter>
    </FxCompile>
    <FxCompile Include="SSAOBlurPS.hlsl">
      <Filter>Resource Files</Filter>
    </FxCompile>
    <FxCompile Include="SSAOPS.hlsl">
      <Filter>Resource Files</Filter>
    </FxCompile>
    <FxCompile Include="PBRDeferredPS.hlsl">
      <Filter>Resource Files</Filter>
    </FxCompile>
    <FxCompile Include="PBRGeometryVS.hlsl">
      <Filter>Resource Files</Filter>
    </FxCompile>
    <FxCompile Include="PBRGeometryPS.hlsl">
      <Filter>Resource Files</Filter>
    </FxCompile>
    <FxCompile Include="Equirectangular2CubeMapPS.hlsl">
      <Filter>Resource Files</Filter>
    </FxCompile>
    <FxCompile Include="PosOnlyVS.hlsl">
      <Filter>Resource Files</Filter>
    </FxCompile>
    <FxCompile Include="Equirectangular2CubeMapGS.hlsl">
      <Filter>Resource Files</Filter>
    </FxCompile>
    <FxCompile Include="DiffuseIrradiancePS.hlsl">
      <Filter>Resource Files</Filter>
    </FxCompile>
  </ItemGroup>
</Project>